// !$*UTF8*$!
{
	archiveVersion = 1;
	classes = {
	};
	objectVersion = 50;
	objects = {

/* Begin PBXBuildFile section */
		3355948D2189C0CD00DABA33 /* AppDelegate.swift in Sources */ = {isa = PBXBuildFile; fileRef = 3355948C2189C0CD00DABA33 /* AppDelegate.swift */; };
		335594942189C0CE00DABA33 /* Assets.xcassets in Resources */ = {isa = PBXBuildFile; fileRef = 335594932189C0CE00DABA33 /* Assets.xcassets */; };
		335594972189C0CE00DABA33 /* LaunchScreen.storyboard in Resources */ = {isa = PBXBuildFile; fileRef = 335594952189C0CE00DABA33 /* LaunchScreen.storyboard */; };
		335594A22189C0CE00DABA33 /* IconosTests.swift in Sources */ = {isa = PBXBuildFile; fileRef = 335594A12189C0CE00DABA33 /* IconosTests.swift */; };
		335594AD2189C0CE00DABA33 /* IconosUITests.swift in Sources */ = {isa = PBXBuildFile; fileRef = 335594AC2189C0CE00DABA33 /* IconosUITests.swift */; };
		335594C32189C2FD00DABA33 /* First.swift in Sources */ = {isa = PBXBuildFile; fileRef = 335594C12189C2FD00DABA33 /* First.swift */; };
		335594C42189C2FD00DABA33 /* First.xib in Resources */ = {isa = PBXBuildFile; fileRef = 335594C22189C2FD00DABA33 /* First.xib */; };
		335594C72189C30E00DABA33 /* Second.swift in Sources */ = {isa = PBXBuildFile; fileRef = 335594C52189C30E00DABA33 /* Second.swift */; };
		335594C82189C30E00DABA33 /* Second.xib in Resources */ = {isa = PBXBuildFile; fileRef = 335594C62189C30E00DABA33 /* Second.xib */; };
		335594CB2189C32100DABA33 /* Third.swift in Sources */ = {isa = PBXBuildFile; fileRef = 335594C92189C32100DABA33 /* Third.swift */; };
		335594CC2189C32100DABA33 /* Third.xib in Resources */ = {isa = PBXBuildFile; fileRef = 335594CA2189C32100DABA33 /* Third.xib */; };
		33A4E34A2192F5840026E037 /* Fourth.swift in Sources */ = {isa = PBXBuildFile; fileRef = 33A4E3482192F5840026E037 /* Fourth.swift */; };
		33A4E34B2192F5840026E037 /* Fourth.xib in Resources */ = {isa = PBXBuildFile; fileRef = 33A4E3492192F5840026E037 /* Fourth.xib */; };
		33A4E34E2192F5940026E037 /* Fifth.swift in Sources */ = {isa = PBXBuildFile; fileRef = 33A4E34C2192F5940026E037 /* Fifth.swift */; };
		33A4E34F2192F5940026E037 /* Fifth.xib in Resources */ = {isa = PBXBuildFile; fileRef = 33A4E34D2192F5940026E037 /* Fifth.xib */; };
		33A4E3522192FB7A0026E037 /* color.swift in Sources */ = {isa = PBXBuildFile; fileRef = 33A4E3512192FB7A0026E037 /* color.swift */; };
		33A4E3542192FC350026E037 /* style.swift in Sources */ = {isa = PBXBuildFile; fileRef = 33A4E3532192FC350026E037 /* style.swift */; };
/* End PBXBuildFile section */

/* Begin PBXContainerItemProxy section */
		3355949E2189C0CE00DABA33 /* PBXContainerItemProxy */ = {
			isa = PBXContainerItemProxy;
			containerPortal = 335594812189C0CC00DABA33 /* Project object */;
			proxyType = 1;
			remoteGlobalIDString = 335594882189C0CC00DABA33;
			remoteInfo = Iconos;
		};
		335594A92189C0CE00DABA33 /* PBXContainerItemProxy */ = {
			isa = PBXContainerItemProxy;
			containerPortal = 335594812189C0CC00DABA33 /* Project object */;
			proxyType = 1;
			remoteGlobalIDString = 335594882189C0CC00DABA33;
			remoteInfo = Iconos;
		};
/* End PBXContainerItemProxy section */

/* Begin PBXFileReference section */
		335594892189C0CC00DABA33 /* Iconos.app */ = {isa = PBXFileReference; explicitFileType = wrapper.application; includeInIndex = 0; path = Iconos.app; sourceTree = BUILT_PRODUCTS_DIR; };
		3355948C2189C0CD00DABA33 /* AppDelegate.swift */ = {isa = PBXFileReference; lastKnownFileType = sourcecode.swift; path = AppDelegate.swift; sourceTree = "<group>"; };
		335594932189C0CE00DABA33 /* Assets.xcassets */ = {isa = PBXFileReference; lastKnownFileType = folder.assetcatalog; path = Assets.xcassets; sourceTree = "<group>"; };
		335594962189C0CE00DABA33 /* Base */ = {isa = PBXFileReference; lastKnownFileType = file.storyboard; name = Base; path = Base.lproj/LaunchScreen.storyboard; sourceTree = "<group>"; };
		335594982189C0CE00DABA33 /* Info.plist */ = {isa = PBXFileReference; lastKnownFileType = text.plist.xml; path = Info.plist; sourceTree = "<group>"; };
		3355949D2189C0CE00DABA33 /* IconosTests.xctest */ = {isa = PBXFileReference; explicitFileType = wrapper.cfbundle; includeInIndex = 0; path = IconosTests.xctest; sourceTree = BUILT_PRODUCTS_DIR; };
		335594A12189C0CE00DABA33 /* IconosTests.swift */ = {isa = PBXFileReference; lastKnownFileType = sourcecode.swift; path = IconosTests.swift; sourceTree = "<group>"; };
		335594A32189C0CE00DABA33 /* Info.plist */ = {isa = PBXFileReference; lastKnownFileType = text.plist.xml; path = Info.plist; sourceTree = "<group>"; };
		335594A82189C0CE00DABA33 /* IconosUITests.xctest */ = {isa = PBXFileReference; explicitFileType = wrapper.cfbundle; includeInIndex = 0; path = IconosUITests.xctest; sourceTree = BUILT_PRODUCTS_DIR; };
		335594AC2189C0CE00DABA33 /* IconosUITests.swift */ = {isa = PBXFileReference; lastKnownFileType = sourcecode.swift; path = IconosUITests.swift; sourceTree = "<group>"; };
		335594AE2189C0CE00DABA33 /* Info.plist */ = {isa = PBXFileReference; lastKnownFileType = text.plist.xml; path = Info.plist; sourceTree = "<group>"; };
		335594C12189C2FD00DABA33 /* First.swift */ = {isa = PBXFileReference; lastKnownFileType = sourcecode.swift; path = First.swift; sourceTree = "<group>"; };
		335594C22189C2FD00DABA33 /* First.xib */ = {isa = PBXFileReference; lastKnownFileType = file.xib; path = First.xib; sourceTree = "<group>"; };
		335594C52189C30E00DABA33 /* Second.swift */ = {isa = PBXFileReference; lastKnownFileType = sourcecode.swift; path = Second.swift; sourceTree = "<group>"; };
		335594C62189C30E00DABA33 /* Second.xib */ = {isa = PBXFileReference; lastKnownFileType = file.xib; path = Second.xib; sourceTree = "<group>"; };
		335594C92189C32100DABA33 /* Third.swift */ = {isa = PBXFileReference; lastKnownFileType = sourcecode.swift; path = Third.swift; sourceTree = "<group>"; };
		335594CA2189C32100DABA33 /* Third.xib */ = {isa = PBXFileReference; lastKnownFileType = file.xib; path = Third.xib; sourceTree = "<group>"; };
		33A4E3482192F5840026E037 /* Fourth.swift */ = {isa = PBXFileReference; lastKnownFileType = sourcecode.swift; path = Fourth.swift; sourceTree = "<group>"; };
		33A4E3492192F5840026E037 /* Fourth.xib */ = {isa = PBXFileReference; lastKnownFileType = file.xib; path = Fourth.xib; sourceTree = "<group>"; };
		33A4E34C2192F5940026E037 /* Fifth.swift */ = {isa = PBXFileReference; lastKnownFileType = sourcecode.swift; path = Fifth.swift; sourceTree = "<group>"; };
		33A4E34D2192F5940026E037 /* Fifth.xib */ = {isa = PBXFileReference; lastKnownFileType = file.xib; path = Fifth.xib; sourceTree = "<group>"; };
		33A4E3512192FB7A0026E037 /* color.swift */ = {isa = PBXFileReference; lastKnownFileType = sourcecode.swift; path = color.swift; sourceTree = "<group>"; };
		33A4E3532192FC350026E037 /* style.swift */ = {isa = PBXFileReference; lastKnownFileType = sourcecode.swift; path = style.swift; sourceTree = "<group>"; };
/* End PBXFileReference section */

/* Begin PBXFrameworksBuildPhase section */
		335594862189C0CC00DABA33 /* Frameworks */ = {
			isa = PBXFrameworksBuildPhase;
			buildActionMask = 2147483647;
			files = (
			);
			runOnlyForDeploymentPostprocessing = 0;
		};
		3355949A2189C0CE00DABA33 /* Frameworks */ = {
			isa = PBXFrameworksBuildPhase;
			buildActionMask = 2147483647;
			files = (
			);
			runOnlyForDeploymentPostprocessing = 0;
		};
		335594A52189C0CE00DABA33 /* Frameworks */ = {
			isa = PBXFrameworksBuildPhase;
			buildActionMask = 2147483647;
			files = (
			);
			runOnlyForDeploymentPostprocessing = 0;
		};
/* End PBXFrameworksBuildPhase section */

/* Begin PBXGroup section */
		335594802189C0CC00DABA33 = {
			isa = PBXGroup;
			children = (
				3355948B2189C0CC00DABA33 /* Iconos */,
				335594A02189C0CE00DABA33 /* IconosTests */,
				335594AB2189C0CE00DABA33 /* IconosUITests */,
				3355948A2189C0CC00DABA33 /* Products */,
			);
			sourceTree = "<group>";
		};
		3355948A2189C0CC00DABA33 /* Products */ = {
			isa = PBXGroup;
			children = (
				335594892189C0CC00DABA33 /* Iconos.app */,
				3355949D2189C0CE00DABA33 /* IconosTests.xctest */,
				335594A82189C0CE00DABA33 /* IconosUITests.xctest */,
			);
			name = Products;
			sourceTree = "<group>";
		};
		3355948B2189C0CC00DABA33 /* Iconos */ = {
			isa = PBXGroup;
			children = (
				33A4E3502192FB620026E037 /* color */,
				33A4E3472192F5610026E037 /* Fifth */,
				33A4E3462192F5570026E037 /* Fourth */,
				335594BC2189C20800DABA33 /* Third */,
				335594BB2189C20000DABA33 /* Second */,
				335594BA2189C1F100DABA33 /* First */,
				3355948C2189C0CD00DABA33 /* AppDelegate.swift */,
				335594932189C0CE00DABA33 /* Assets.xcassets */,
				335594952189C0CE00DABA33 /* LaunchScreen.storyboard */,
				335594982189C0CE00DABA33 /* Info.plist */,
			);
			path = Iconos;
			sourceTree = "<group>";
		};
		335594A02189C0CE00DABA33 /* IconosTests */ = {
			isa = PBXGroup;
			children = (
				335594A12189C0CE00DABA33 /* IconosTests.swift */,
				335594A32189C0CE00DABA33 /* Info.plist */,
			);
			path = IconosTests;
			sourceTree = "<group>";
		};
		335594AB2189C0CE00DABA33 /* IconosUITests */ = {
			isa = PBXGroup;
			children = (
				335594AC2189C0CE00DABA33 /* IconosUITests.swift */,
				335594AE2189C0CE00DABA33 /* Info.plist */,
			);
			path = IconosUITests;
			sourceTree = "<group>";
		};
		335594BA2189C1F100DABA33 /* First */ = {
			isa = PBXGroup;
			children = (
				335594C12189C2FD00DABA33 /* First.swift */,
				335594C22189C2FD00DABA33 /* First.xib */,
			);
			path = First;
			sourceTree = "<group>";
		};
		335594BB2189C20000DABA33 /* Second */ = {
			isa = PBXGroup;
			children = (
				335594C52189C30E00DABA33 /* Second.swift */,
				335594C62189C30E00DABA33 /* Second.xib */,
			);
			path = Second;
			sourceTree = "<group>";
		};
		335594BC2189C20800DABA33 /* Third */ = {
			isa = PBXGroup;
			children = (
				335594C92189C32100DABA33 /* Third.swift */,
				335594CA2189C32100DABA33 /* Third.xib */,
			);
			path = Third;
			sourceTree = "<group>";
		};
		33A4E3462192F5570026E037 /* Fourth */ = {
			isa = PBXGroup;
			children = (
				33A4E3482192F5840026E037 /* Fourth.swift */,
				33A4E3492192F5840026E037 /* Fourth.xib */,
			);
			path = Fourth;
			sourceTree = "<group>";
		};
		33A4E3472192F5610026E037 /* Fifth */ = {
			isa = PBXGroup;
			children = (
				33A4E34C2192F5940026E037 /* Fifth.swift */,
				33A4E34D2192F5940026E037 /* Fifth.xib */,
			);
			path = Fifth;
			sourceTree = "<group>";
		};
		33A4E3502192FB620026E037 /* color */ = {
			isa = PBXGroup;
			children = (
				33A4E3512192FB7A0026E037 /* color.swift */,
				33A4E3532192FC350026E037 /* style.swift */,
			);
			path = color;
			sourceTree = "<group>";
		};
/* End PBXGroup section */

/* Begin PBXNativeTarget section */
		335594882189C0CC00DABA33 /* Iconos */ = {
			isa = PBXNativeTarget;
			buildConfigurationList = 335594B12189C0CE00DABA33 /* Build configuration list for PBXNativeTarget "Iconos" */;
			buildPhases = (
				335594852189C0CC00DABA33 /* Sources */,
				335594862189C0CC00DABA33 /* Frameworks */,
				335594872189C0CC00DABA33 /* Resources */,
			);
			buildRules = (
			);
			dependencies = (
			);
			name = Iconos;
			productName = Iconos;
			productReference = 335594892189C0CC00DABA33 /* Iconos.app */;
			productType = "com.apple.product-type.application";
		};
		3355949C2189C0CE00DABA33 /* IconosTests */ = {
			isa = PBXNativeTarget;
			buildConfigurationList = 335594B42189C0CE00DABA33 /* Build configuration list for PBXNativeTarget "IconosTests" */;
			buildPhases = (
				335594992189C0CE00DABA33 /* Sources */,
				3355949A2189C0CE00DABA33 /* Frameworks */,
				3355949B2189C0CE00DABA33 /* Resources */,
			);
			buildRules = (
			);
			dependencies = (
				3355949F2189C0CE00DABA33 /* PBXTargetDependency */,
			);
			name = IconosTests;
			productName = IconosTests;
			productReference = 3355949D2189C0CE00DABA33 /* IconosTests.xctest */;
			productType = "com.apple.product-type.bundle.unit-test";
		};
		335594A72189C0CE00DABA33 /* IconosUITests */ = {
			isa = PBXNativeTarget;
			buildConfigurationList = 335594B72189C0CE00DABA33 /* Build configuration list for PBXNativeTarget "IconosUITests" */;
			buildPhases = (
				335594A42189C0CE00DABA33 /* Sources */,
				335594A52189C0CE00DABA33 /* Frameworks */,
				335594A62189C0CE00DABA33 /* Resources */,
			);
			buildRules = (
			);
			dependencies = (
				335594AA2189C0CE00DABA33 /* PBXTargetDependency */,
			);
			name = IconosUITests;
			productName = IconosUITests;
			productReference = 335594A82189C0CE00DABA33 /* IconosUITests.xctest */;
			productType = "com.apple.product-type.bundle.ui-testing";
		};
/* End PBXNativeTarget section */

/* Begin PBXProject section */
		335594812189C0CC00DABA33 /* Project object */ = {
			isa = PBXProject;
			attributes = {
				LastSwiftUpdateCheck = 0930;
				LastUpgradeCheck = 0930;
				ORGANIZATIONNAME = "LUCAS PAJARES PRIETO";
				TargetAttributes = {
					335594882189C0CC00DABA33 = {
						CreatedOnToolsVersion = 9.3;
					};
					3355949C2189C0CE00DABA33 = {
						CreatedOnToolsVersion = 9.3;
						TestTargetID = 335594882189C0CC00DABA33;
					};
					335594A72189C0CE00DABA33 = {
						CreatedOnToolsVersion = 9.3;
						TestTargetID = 335594882189C0CC00DABA33;
					};
				};
			};
			buildConfigurationList = 335594842189C0CC00DABA33 /* Build configuration list for PBXProject "Iconos" */;
			compatibilityVersion = "Xcode 9.3";
			developmentRegion = en;
			hasScannedForEncodings = 0;
			knownRegions = (
				en,
				Base,
			);
			mainGroup = 335594802189C0CC00DABA33;
			productRefGroup = 3355948A2189C0CC00DABA33 /* Products */;
			projectDirPath = "";
			projectRoot = "";
			targets = (
				335594882189C0CC00DABA33 /* Iconos */,
				3355949C2189C0CE00DABA33 /* IconosTests */,
				335594A72189C0CE00DABA33 /* IconosUITests */,
			);
		};
/* End PBXProject section */

/* Begin PBXResourcesBuildPhase section */
		335594872189C0CC00DABA33 /* Resources */ = {
			isa = PBXResourcesBuildPhase;
			buildActionMask = 2147483647;
			files = (
				33A4E34F2192F5940026E037 /* Fifth.xib in Resources */,
				335594972189C0CE00DABA33 /* LaunchScreen.storyboard in Resources */,
				33A4E34B2192F5840026E037 /* Fourth.xib in Resources */,
				335594C42189C2FD00DABA33 /* First.xib in Resources */,
				335594942189C0CE00DABA33 /* Assets.xcassets in Resources */,
				335594C82189C30E00DABA33 /* Second.xib in Resources */,
				335594CC2189C32100DABA33 /* Third.xib in Resources */,
			);
			runOnlyForDeploymentPostprocessing = 0;
		};
		3355949B2189C0CE00DABA33 /* Resources */ = {
			isa = PBXResourcesBuildPhase;
			buildActionMask = 2147483647;
			files = (
			);
			runOnlyForDeploymentPostprocessing = 0;
		};
		335594A62189C0CE00DABA33 /* Resources */ = {
			isa = PBXResourcesBuildPhase;
			buildActionMask = 2147483647;
			files = (
			);
			runOnlyForDeploymentPostprocessing = 0;
		};
/* End PBXResourcesBuildPhase section */

/* Begin PBXSourcesBuildPhase section */
		335594852189C0CC00DABA33 /* Sources */ = {
			isa = PBXSourcesBuildPhase;
			buildActionMask = 2147483647;
			files = (
				33A4E3522192FB7A0026E037 /* color.swift in Sources */,
				335594C32189C2FD00DABA33 /* First.swift in Sources */,
				33A4E34E2192F5940026E037 /* Fifth.swift in Sources */,
				335594CB2189C32100DABA33 /* Third.swift in Sources */,
				33A4E34A2192F5840026E037 /* Fourth.swift in Sources */,
				3355948D2189C0CD00DABA33 /* AppDelegate.swift in Sources */,
				335594C72189C30E00DABA33 /* Second.swift in Sources */,
				33A4E3542192FC350026E037 /* style.swift in Sources */,
			);
			runOnlyForDeploymentPostprocessing = 0;
		};
		335594992189C0CE00DABA33 /* Sources */ = {
			isa = PBXSourcesBuildPhase;
			buildActionMask = 2147483647;
			files = (
				335594A22189C0CE00DABA33 /* IconosTests.swift in Sources */,
			);
			runOnlyForDeploymentPostprocessing = 0;
		};
		335594A42189C0CE00DABA33 /* Sources */ = {
			isa = PBXSourcesBuildPhase;
			buildActionMask = 2147483647;
			files = (
				335594AD2189C0CE00DABA33 /* IconosUITests.swift in Sources */,
			);
			runOnlyForDeploymentPostprocessing = 0;
		};
/* End PBXSourcesBuildPhase section */

/* Begin PBXTargetDependency section */
		3355949F2189C0CE00DABA33 /* PBXTargetDependency */ = {
			isa = PBXTargetDependency;
			target = 335594882189C0CC00DABA33 /* Iconos */;
			targetProxy = 3355949E2189C0CE00DABA33 /* PBXContainerItemProxy */;
		};
		335594AA2189C0CE00DABA33 /* PBXTargetDependency */ = {
			isa = PBXTargetDependency;
			target = 335594882189C0CC00DABA33 /* Iconos */;
			targetProxy = 335594A92189C0CE00DABA33 /* PBXContainerItemProxy */;
		};
/* End PBXTargetDependency section */

/* Begin PBXVariantGroup section */
		335594952189C0CE00DABA33 /* LaunchScreen.storyboard */ = {
			isa = PBXVariantGroup;
			children = (
				335594962189C0CE00DABA33 /* Base */,
			);
			name = LaunchScreen.storyboard;
			sourceTree = "<group>";
		};
/* End PBXVariantGroup section */

/* Begin XCBuildConfiguration section */
		335594AF2189C0CE00DABA33 /* Debug */ = {
			isa = XCBuildConfiguration;
			buildSettings = {
				ALWAYS_SEARCH_USER_PATHS = NO;
				CLANG_ANALYZER_NONNULL = YES;
				CLANG_ANALYZER_NUMBER_OBJECT_CONVERSION = YES_AGGRESSIVE;
				CLANG_CXX_LANGUAGE_STANDARD = "gnu++14";
				CLANG_CXX_LIBRARY = "libc++";
				CLANG_ENABLE_MODULES = YES;
				CLANG_ENABLE_OBJC_ARC = YES;
				CLANG_ENABLE_OBJC_WEAK = YES;
				CLANG_WARN_BLOCK_CAPTURE_AUTORELEASING = YES;
				CLANG_WARN_BOOL_CONVERSION = YES;
				CLANG_WARN_COMMA = YES;
				CLANG_WARN_CONSTANT_CONVERSION = YES;
				CLANG_WARN_DEPRECATED_OBJC_IMPLEMENTATIONS = YES;
				CLANG_WARN_DIRECT_OBJC_ISA_USAGE = YES_ERROR;
				CLANG_WARN_DOCUMENTATION_COMMENTS = YES;
				CLANG_WARN_EMPTY_BODY = YES;
				CLANG_WARN_ENUM_CONVERSION = YES;
				CLANG_WARN_INFINITE_RECURSION = YES;
				CLANG_WARN_INT_CONVERSION = YES;
				CLANG_WARN_NON_LITERAL_NULL_CONVERSION = YES;
				CLANG_WARN_OBJC_IMPLICIT_RETAIN_SELF = YES;
				CLANG_WARN_OBJC_LITERAL_CONVERSION = YES;
				CLANG_WARN_OBJC_ROOT_CLASS = YES_ERROR;
				CLANG_WARN_RANGE_LOOP_ANALYSIS = YES;
				CLANG_WARN_STRICT_PROTOTYPES = YES;
				CLANG_WARN_SUSPICIOUS_MOVE = YES;
				CLANG_WARN_UNGUARDED_AVAILABILITY = YES_AGGRESSIVE;
				CLANG_WARN_UNREACHABLE_CODE = YES;
				CLANG_WARN__DUPLICATE_METHOD_MATCH = YES;
				CODE_SIGN_IDENTITY = "iPhone Developer";
				COPY_PHASE_STRIP = NO;
				DEBUG_INFORMATION_FORMAT = dwarf;
				ENABLE_STRICT_OBJC_MSGSEND = YES;
				ENABLE_TESTABILITY = YES;
				GCC_C_LANGUAGE_STANDARD = gnu11;
				GCC_DYNAMIC_NO_PIC = NO;
				GCC_NO_COMMON_BLOCKS = YES;
				GCC_OPTIMIZATION_LEVEL = 0;
				GCC_PREPROCESSOR_DEFINITIONS = (
					"DEBUG=1",
					"$(inherited)",
				);
				GCC_WARN_64_TO_32_BIT_CONVERSION = YES;
				GCC_WARN_ABOUT_RETURN_TYPE = YES_ERROR;
				GCC_WARN_UNDECLARED_SELECTOR = YES;
				GCC_WARN_UNINITIALIZED_AUTOS = YES_AGGRESSIVE;
				GCC_WARN_UNUSED_FUNCTION = YES;
				GCC_WARN_UNUSED_VARIABLE = YES;
				IPHONEOS_DEPLOYMENT_TARGET = 11.3;
				MTL_ENABLE_DEBUG_INFO = YES;
				ONLY_ACTIVE_ARCH = YES;
				SDKROOT = iphoneos;
				SWIFT_ACTIVE_COMPILATION_CONDITIONS = DEBUG;
				SWIFT_OPTIMIZATION_LEVEL = "-Onone";
			};
			name = Debug;
		};
		335594B02189C0CE00DABA33 /* Release */ = {
			isa = XCBuildConfiguration;
			buildSettings = {
				ALWAYS_SEARCH_USER_PATHS = NO;
				CLANG_ANALYZER_NONNULL = YES;
				CLANG_ANALYZER_NUMBER_OBJECT_CONVERSION = YES_AGGRESSIVE;
				CLANG_CXX_LANGUAGE_STANDARD = "gnu++14";
				CLANG_CXX_LIBRARY = "libc++";
				CLANG_ENABLE_MODULES = YES;
				CLANG_ENABLE_OBJC_ARC = YES;
				CLANG_ENABLE_OBJC_WEAK = YES;
				CLANG_WARN_BLOCK_CAPTURE_AUTORELEASING = YES;
				CLANG_WARN_BOOL_CONVERSION = YES;
				CLANG_WARN_COMMA = YES;
				CLANG_WARN_CONSTANT_CONVERSION = YES;
				CLANG_WARN_DEPRECATED_OBJC_IMPLEMENTATIONS = YES;
				CLANG_WARN_DIRECT_OBJC_ISA_USAGE = YES_ERROR;
				CLANG_WARN_DOCUMENTATION_COMMENTS = YES;
				CLANG_WARN_EMPTY_BODY = YES;
				CLANG_WARN_ENUM_CONVERSION = YES;
				CLANG_WARN_INFINITE_RECURSION = YES;
				CLANG_WARN_INT_CONVERSION = YES;
				CLANG_WARN_NON_LITERAL_NULL_CONVERSION = YES;
				CLANG_WARN_OBJC_IMPLICIT_RETAIN_SELF = YES;
				CLANG_WARN_OBJC_LITERAL_CONVERSION = YES;
				CLANG_WARN_OBJC_ROOT_CLASS = YES_ERROR;
				CLANG_WARN_RANGE_LOOP_ANALYSIS = YES;
				CLANG_WARN_STRICT_PROTOTYPES = YES;
				CLANG_WARN_SUSPICIOUS_MOVE = YES;
				CLANG_WARN_UNGUARDED_AVAILABILITY = YES_AGGRESSIVE;
				CLANG_WARN_UNREACHABLE_CODE = YES;
				CLANG_WARN__DUPLICATE_METHOD_MATCH = YES;
				CODE_SIGN_IDENTITY = "iPhone Developer";
				COPY_PHASE_STRIP = NO;
				DEBUG_INFORMATION_FORMAT = "dwarf-with-dsym";
				ENABLE_NS_ASSERTIONS = NO;
				ENABLE_STRICT_OBJC_MSGSEND = YES;
				GCC_C_LANGUAGE_STANDARD = gnu11;
				GCC_NO_COMMON_BLOCKS = YES;
				GCC_WARN_64_TO_32_BIT_CONVERSION = YES;
				GCC_WARN_ABOUT_RETURN_TYPE = YES_ERROR;
				GCC_WARN_UNDECLARED_SELECTOR = YES;
				GCC_WARN_UNINITIALIZED_AUTOS = YES_AGGRESSIVE;
				GCC_WARN_UNUSED_FUNCTION = YES;
				GCC_WARN_UNUSED_VARIABLE = YES;
				IPHONEOS_DEPLOYMENT_TARGET = 11.3;
				MTL_ENABLE_DEBUG_INFO = NO;
				SDKROOT = iphoneos;
				SWIFT_COMPILATION_MODE = wholemodule;
				SWIFT_OPTIMIZATION_LEVEL = "-O";
				VALIDATE_PRODUCT = YES;
			};
			name = Release;
		};
		335594B22189C0CE00DABA33 /* Debug */ = {
			isa = XCBuildConfiguration;
			buildSettings = {
				ASSETCATALOG_COMPILER_APPICON_NAME = AppIcon;
				CODE_SIGN_STYLE = Automatic;
				INFOPLIST_FILE = Iconos/Info.plist;
				LD_RUNPATH_SEARCH_PATHS = (
					"$(inherited)",
					"@executable_path/Frameworks",
				);
				PRODUCT_BUNDLE_IDENTIFIER = lmao.Iconos;
				PRODUCT_NAME = "$(TARGET_NAME)";
				SWIFT_VERSION = 4.0;
				TARGETED_DEVICE_FAMILY = 1;
			};
			name = Debug;
		};
		335594B32189C0CE00DABA33 /* Release */ = {
			isa = XCBuildConfiguration;
			buildSettings = {
				ASSETCATALOG_COMPILER_APPICON_NAME = AppIcon;
				CODE_SIGN_STYLE = Automatic;
				INFOPLIST_FILE = Iconos/Info.plist;
				LD_RUNPATH_SEARCH_PATHS = (
					"$(inherited)",
					"@executable_path/Frameworks",
				);
				PRODUCT_BUNDLE_IDENTIFIER = lmao.Iconos;
				PRODUCT_NAME = "$(TARGET_NAME)";
				SWIFT_VERSION = 4.0;
				TARGETED_DEVICE_FAMILY = 1;
			};
			name = Release;
		};
		335594B52189C0CE00DABA33 /* Debug */ = {
			isa = XCBuildConfiguration;
			buildSettings = {
				ALWAYS_EMBED_SWIFT_STANDARD_LIBRARIES = YES;
				BUNDLE_LOADER = "$(TEST_HOST)";
				CODE_SIGN_STYLE = Automatic;
				INFOPLIST_FILE = IconosTests/Info.plist;
				LD_RUNPATH_SEARCH_PATHS = (
					"$(inherited)",
					"@executable_path/Frameworks",
					"@loader_path/Frameworks",
				);
				PRODUCT_BUNDLE_IDENTIFIER = lmao.IconosTests;
				PRODUCT_NAME = "$(TARGET_NAME)";
				SWIFT_VERSION = 4.0;
				TARGETED_DEVICE_FAMILY = "1,2";
				TEST_HOST = "$(BUILT_PRODUCTS_DIR)/Iconos.app/Iconos";
			};
			name = Debug;
		};
		335594B62189C0CE00DABA33 /* Release */ = {
			isa = XCBuildConfiguration;
			buildSettings = {
				ALWAYS_EMBED_SWIFT_STANDARD_LIBRARIES = YES;
				BUNDLE_LOADER = "$(TEST_HOST)";
				CODE_SIGN_STYLE = Automatic;
				INFOPLIST_FILE = IconosTests/Info.plist;
				LD_RUNPATH_SEARCH_PATHS = (
					"$(inherited)",
					"@executable_path/Frameworks",
					"@loader_path/Frameworks",
				);
				PRODUCT_BUNDLE_IDENTIFIER = lmao.IconosTests;
				PRODUCT_NAME = "$(TARGET_NAME)";
				SWIFT_VERSION = 4.0;
				TARGETED_DEVICE_FAMILY = "1,2";
				TEST_HOST = "$(BUILT_PRODUCTS_DIR)/Iconos.app/Iconos";
			};
			name = Release;
		};
		335594B82189C0CE00DABA33 /* Debug */ = {
			isa = XCBuildConfiguration;
			buildSettings = {
				ALWAYS_EMBED_SWIFT_STANDARD_LIBRARIES = YES;
				CODE_SIGN_STYLE = Automatic;
				INFOPLIST_FILE = IconosUITests/Info.plist;
				LD_RUNPATH_SEARCH_PATHS = (
					"$(inherited)",
					"@executable_path/Frameworks",
					"@loader_path/Frameworks",
				);
				PRODUCT_BUNDLE_IDENTIFIER = lmao.IconosUITests;
				PRODUCT_NAME = "$(TARGET_NAME)";
				SWIFT_VERSION = 4.0;
				TARGETED_DEVICE_FAMILY = "1,2";
				TEST_TARGET_NAME = Iconos;
			};
			name = Debug;
		};
		335594B92189C0CE00DABA33 /* Release */ = {
			isa = XCBuildConfiguration;
			buildSettings = {
				ALWAYS_EMBED_SWIFT_STANDARD_LIBRARIES = YES;
				CODE_SIGN_STYLE = Automatic;
				INFOPLIST_FILE = IconosUITests/Info.plist;
				LD_RUNPATH_SEARCH_PATHS = (
					"$(inherited)",
					"@executable_path/Frameworks",
					"@loader_path/Frameworks",
				);
				PRODUCT_BUNDLE_IDENTIFIER = lmao.IconosUITests;
				PRODUCT_NAME = "$(TARGET_NAME)";
				SWIFT_VERSION = 4.0;
				TARGETED_DEVICE_FAMILY = "1,2";
				TEST_TARGET_NAME = Iconos;
			};
			name = Release;
		};
/* End XCBuildConfiguration section */

/* Begin XCConfigurationList section */
		335594842189C0CC00DABA33 /* Build configuration list for PBXProject "Iconos" */ = {
			isa = XCConfigurationList;
			buildConfigurations = (
				335594AF2189C0CE00DABA33 /* Debug */,
				335594B02189C0CE00DABA33 /* Release */,
			);
			defaultConfigurationIsVisible = 0;
			defaultConfigurationName = Release;
		};
		335594B12189C0CE00DABA33 /* Build configuration list for PBXNativeTarget "Iconos" */ = {
			isa = XCConfigurationList;
			buildConfigurations = (
				335594B22189C0CE00DABA33 /* Debug */,
				335594B32189C0CE00DABA33 /* Release */,
			);
			defaultConfigurationIsVisible = 0;
			defaultConfigurationName = Release;
		};
		335594B42189C0CE00DABA33 /* Build configuration list for PBXNativeTarget "IconosTests" */ = {
			isa = XCConfigurationList;
			buildConfigurations = (
				335594B52189C0CE00DABA33 /* Debug */,
				335594B62189C0CE00DABA33 /* Release */,
			);
			defaultConfigurationIsVisible = 0;
			defaultConfigurationName = Release;
		};
		335594B72189C0CE00DABA33 /* Build configuration list for PBXNativeTarget "IconosUITests" */ = {
			isa = XCConfigurationList;
			buildConfigurations = (
				335594B82189C0CE00DABA33 /* Debug */,
				335594B92189C0CE00DABA33 /* Release */,
			);
			defaultConfigurationIsVisible = 0;
			defaultConfigurationName = Release;
		};
/* End XCConfigurationList section */
	};
	rootObject = 335594812189C0CC00DABA33 /* Project object */;
}
